
Microsoft Visual Studio Solution File, Format Version 12.00
# Visual Studio Version 17
VisualStudioVersion = 17.4.33103.184
MinimumVisualStudioVersion = 10.0.40219.1
Project("{9A19103F-16F7-4668-BE54-9A1E7A4F7556}") = "OnlineShop", "OnlineShop\OnlineShop.csproj", "{7D176090-21F3-4F3D-946D-BCE980C0637F}"
EndProject
Global
	GlobalSection(SolutionConfigurationPlatforms) = preSolution
		Debug|Any CPU = Debug|Any CPU
		Release|Any CPU = Release|Any CPU
	EndGlobalSection
	GlobalSection(ProjectConfigurationPlatforms) = postSolution
		{7D176090-21F3-4F3D-946D-BCE980C0637F}.Debug|Any CPU.ActiveCfg = Debug|Any CPU
		{7D176090-21F3-4F3D-946D-BCE980C0637F}.Debug|Any CPU.Build.0 = Debug|Any CPU
		{7D176090-21F3-4F3D-946D-BCE980C0637F}.Release|Any CPU.ActiveCfg = Release|Any CPU
		{7D176090-21F3-4F3D-946D-BCE980C0637F}.Release|Any CPU.Build.0 = Release|Any CPU
	EndGlobalSection
	GlobalSection(SolutionProperties) = preSolution
		HideSolutionNode = FALSE
	EndGlobalSection
	GlobalSection(ExtensibilityGlobals) = postSolution
		SolutionGuid = {C9A03620-1515-4B3E-B7BC-A79B8C04DB09}
	EndGlobalSection
EndGlobal
